
Microsoft Visual Studio Solution File, Format Version 12.00
# Visual Studio Version 17
VisualStudioVersion = 17.8.34322.80
MinimumVisualStudioVersion = 10.0.40219.1
Project("{F184B08F-C81C-45F6-A57F-5ABD9991F28F}") = "Task", "Task\Task.vbproj", "{AA6902E5-1B01-4418-8E20-2C4FAA91C16C}"
EndProject
Global
	GlobalSection(SolutionConfigurationPlatforms) = preSolution
		Debug|Any CPU = Debug|Any CPU
		Release|Any CPU = Release|Any CPU
	EndGlobalSection
	GlobalSection(ProjectConfigurationPlatforms) = postSolution
		{AA6902E5-1B01-4418-8E20-2C4FAA91C16C}.Debug|Any CPU.ActiveCfg = Debug|Any CPU
		{AA6902E5-1B01-4418-8E20-2C4FAA91C16C}.Debug|Any CPU.Build.0 = Debug|Any CPU
		{AA6902E5-1B01-4418-8E20-2C4FAA91C16C}.Release|Any CPU.ActiveCfg = Release|Any CPU
		{AA6902E5-1B01-4418-8E20-2C4FAA91C16C}.Release|Any CPU.Build.0 = Release|Any CPU
	EndGlobalSection
	GlobalSection(SolutionProperties) = preSolution
		HideSolutionNode = FALSE
	EndGlobalSection
	GlobalSection(ExtensibilityGlobals) = postSolution
		SolutionGuid = {5672C260-796F-4072-B548-638E3770C113}
	EndGlobalSection
EndGlobal
